
Microsoft Visual Studio Solution File, Format Version 12.00
# Visual Studio Version 16
VisualStudioVersion = 16.0.30002.166
MinimumVisualStudioVersion = 10.0.40219.1
Project("{FAE04EC0-301F-11D3-BF4B-00C04F79EFBC}") = "AccountaBiliBuddy", "AccountaBiliBuddy\AccountaBiliBuddy.csproj", "{6EC352E2-7749-438C-B42C-7DAD10FCC7E8}"
EndProject
Global
	GlobalSection(SolutionConfigurationPlatforms) = preSolution
		Debug|Any CPU = Debug|Any CPU
		Release|Any CPU = Release|Any CPU
	EndGlobalSection
	GlobalSection(ProjectConfigurationPlatforms) = postSolution
		{6EC352E2-7749-438C-B42C-7DAD10FCC7E8}.Debug|Any CPU.ActiveCfg = Debug|Any CPU
		{6EC352E2-7749-438C-B42C-7DAD10FCC7E8}.Debug|Any CPU.Build.0 = Debug|Any CPU
		{6EC352E2-7749-438C-B42C-7DAD10FCC7E8}.Release|Any CPU.ActiveCfg = Release|Any CPU
		{6EC352E2-7749-438C-B42C-7DAD10FCC7E8}.Release|Any CPU.Build.0 = Release|Any CPU
	EndGlobalSection
	GlobalSection(SolutionProperties) = preSolution
		HideSolutionNode = FALSE
	EndGlobalSection
	GlobalSection(ExtensibilityGlobals) = postSolution
		SolutionGuid = {E23CD6C8-E9DA-4FD8-9405-130C46AA6C8D}
	EndGlobalSection
EndGlobal
